
Microsoft Visual Studio Solution File, Format Version 12.00
# Visual Studio 2013
VisualStudioVersion = 12.0.21005.1
MinimumVisualStudioVersion = 10.0.40219.1
Project("{8BC9CEB8-8B4A-11D0-8D11-00A0C91BC942}") = "DemoUT", "DemoUT.vcxproj", "{8CE9F86C-C6FC-46B1-AE09-7E86F1D328D3}"
EndProject
Project("{8BC9CEB8-8B4A-11D0-8D11-00A0C91BC942}") = "UT_McCarthy", "..\UT_McCarthy\UT_McCarthy.vcxproj", "{F55DFD0E-47AB-48BE-96DB-FAC261167790}"
	ProjectSection(ProjectDependencies) = postProject
		{8CE9F86C-C6FC-46B1-AE09-7E86F1D328D3} = {8CE9F86C-C6FC-46B1-AE09-7E86F1D328D3}
	EndProjectSection
EndProject
Global
	GlobalSection(SolutionConfigurationPlatforms) = preSolution
		Debug|Win32 = Debug|Win32
		Release|Win32 = Release|Win32
	EndGlobalSection
	GlobalSection(ProjectConfigurationPlatforms) = postSolution
		{8CE9F86C-C6FC-46B1-AE09-7E86F1D328D3}.Debug|Win32.ActiveCfg = Debug|Win32
		{8CE9F86C-C6FC-46B1-AE09-7E86F1D328D3}.Debug|Win32.Build.0 = Debug|Win32
		{8CE9F86C-C6FC-46B1-AE09-7E86F1D328D3}.Release|Win32.ActiveCfg = Release|Win32
		{8CE9F86C-C6FC-46B1-AE09-7E86F1D328D3}.Release|Win32.Build.0 = Release|Win32
		{F55DFD0E-47AB-48BE-96DB-FAC261167790}.Debug|Win32.ActiveCfg = Debug|Win32
		{F55DFD0E-47AB-48BE-96DB-FAC261167790}.Debug|Win32.Build.0 = Debug|Win32
		{F55DFD0E-47AB-48BE-96DB-FAC261167790}.Release|Win32.ActiveCfg = Release|Win32
		{F55DFD0E-47AB-48BE-96DB-FAC261167790}.Release|Win32.Build.0 = Release|Win32
	EndGlobalSection
	GlobalSection(SolutionProperties) = preSolution
		HideSolutionNode = FALSE
	EndGlobalSection
EndGlobal
